
Microsoft Visual Studio Solution File, Format Version 12.00
# Visual Studio Version 17
VisualStudioVersion = 17.5.002.0
MinimumVisualStudioVersion = 10.0.40219.1
Project("{9A19103F-16F7-4668-BE54-9A1E7A4F7556}") = "final-project-will-wescott", "final-project-will-wescott.csproj", "{BEA663F0-3252-4EEB-8EEF-889E7E5B2318}"
EndProject
Global
	GlobalSection(SolutionConfigurationPlatforms) = preSolution
		Debug|Any CPU = Debug|Any CPU
		Release|Any CPU = Release|Any CPU
	EndGlobalSection
	GlobalSection(ProjectConfigurationPlatforms) = postSolution
		{BEA663F0-3252-4EEB-8EEF-889E7E5B2318}.Debug|Any CPU.ActiveCfg = Debug|Any CPU
		{BEA663F0-3252-4EEB-8EEF-889E7E5B2318}.Debug|Any CPU.Build.0 = Debug|Any CPU
		{BEA663F0-3252-4EEB-8EEF-889E7E5B2318}.Release|Any CPU.ActiveCfg = Release|Any CPU
		{BEA663F0-3252-4EEB-8EEF-889E7E5B2318}.Release|Any CPU.Build.0 = Release|Any CPU
	EndGlobalSection
	GlobalSection(SolutionProperties) = preSolution
		HideSolutionNode = FALSE
	EndGlobalSection
	GlobalSection(ExtensibilityGlobals) = postSolution
		SolutionGuid = {65C84FD2-9DD5-4796-AF94-93C826E29B25}
	EndGlobalSection
EndGlobal
